
Microsoft Visual Studio Solution File, Format Version 12.00
# Visual Studio 15
VisualStudioVersion = 15.0.27703.2047
MinimumVisualStudioVersion = 10.0.40219.1
Project("{FAE04EC0-301F-11D3-BF4B-00C04F79EFBC}") = "Dota Geek", "Dota Geek\Dota Geek.csproj", "{2466016B-C3EA-4DE7-92B4-31E45EADED92}"
EndProject
Global
	GlobalSection(SolutionConfigurationPlatforms) = preSolution
		Debug|Any CPU = Debug|Any CPU
		Release|Any CPU = Release|Any CPU
	EndGlobalSection
	GlobalSection(ProjectConfigurationPlatforms) = postSolution
		{2466016B-C3EA-4DE7-92B4-31E45EADED92}.Debug|Any CPU.ActiveCfg = Debug|Any CPU
		{2466016B-C3EA-4DE7-92B4-31E45EADED92}.Debug|Any CPU.Build.0 = Debug|Any CPU
		{2466016B-C3EA-4DE7-92B4-31E45EADED92}.Release|Any CPU.ActiveCfg = Release|Any CPU
		{2466016B-C3EA-4DE7-92B4-31E45EADED92}.Release|Any CPU.Build.0 = Release|Any CPU
	EndGlobalSection
	GlobalSection(SolutionProperties) = preSolution
		HideSolutionNode = FALSE
	EndGlobalSection
	GlobalSection(ExtensibilityGlobals) = postSolution
		SolutionGuid = {C2E60D64-16F9-4870-B974-FD088325508E}
	EndGlobalSection
EndGlobal
